<Solution>
  <Project Path="Glitch9.AIDevKit.Samples.Starter.csproj" />
  <Project Path="AutoHandAssembly.csproj" />
  <Project Path="NaughtyAttributes.Test.csproj" />
  <Project Path="Assembly-CSharp.csproj" />
  <Project Path="AmplifyShaderEditor.csproj" />
  <Project Path="NaughtyAttributes.Core.csproj" />
  <Project Path="PaintIn3D.csproj" />
  <Project Path="Boxophobic.Utils.Editor.csproj" />
  <Project Path="Glitch9.CoreLib.Editor.csproj" />
  <Project Path="ExcludeFromBuildEditor.csproj" />
  <Project Path="ShapesRuntime.csproj" />
  <Project Path="Glitch9.AIDevKit.Editor.csproj" />
  <Project Path="Glitch9.AIDevKit.OpenAI.csproj" />
  <Project Path="Glitch9.CoreLib.csproj" />
  <Project Path="LeanCommon.csproj" />
  <Project Path="UniTask.csproj" />
  <Project Path="Glitch9.CoreLib.IO.csproj" />
  <Project Path="Unity.RenderPipelines.Universal.Runtime.csproj" />
  <Project Path="NaughtyAttributes.Editor.csproj" />
  <Project Path="ShapesEditor.csproj" />
  <Project Path="Assembly-CSharp-Editor.csproj" />
  <Project Path="FlatKit.Utils.Editor.csproj" />
  <Project Path="Glitch9.AIDevKit.csproj" />
  <Project Path="SuperUnityBuild.BuildTool.Editor.csproj" />
  <Project Path="UniTask.Linq.csproj" />
  <Project Path="Coffee.SoftMaskForUGUI.csproj" />
  <Project Path="ExternAttributes.Editor.csproj" />
  <Project Path="CFXRRuntime.csproj" />
  <Project Path="LeanTouch.csproj" />
  <Project Path="Glitch9.AIDevKit.Google.csproj" />
  <Project Path="Coffee.SoftMaskForUGUI.Editor.csproj" />
  <Project Path="FMODUnityResonanceEditor.csproj" />
  <Project Path="CFXRDemo.csproj" />
  <Project Path="SuperUnityBuild.BuildActions.Editor.csproj" />
  <Project Path="CW.Common.csproj" />
  <Project Path="FMODUnityEditor.csproj" />
  <Project Path="Assembly-CSharp-firstpass.csproj" />
  <Project Path="FMODUnity.csproj" />
  <Project Path="CFXREditor.csproj" />
  <Project Path="ShapesSamples.csproj" />
  <Project Path="Boxophobic.Utils.Scripts.csproj" />
  <Project Path="UniTask.TextMeshPro.csproj" />
  <Project Path="Autohand.XR.csproj" />
  <Project Path="Autohand.Editor.csproj" />
  <Project Path="ParrelSync.csproj" />
  <Project Path="KinoBloom.Runtime.csproj" />
  <Project Path="Autohand.OculusIntegration.csproj" />
  <Project Path="FMODUnityResonance.csproj" />
  <Project Path="UniTask.Editor.csproj" />
  <Project Path="ToonyColorsPro.Demo.Editor.csproj" />
  <Project Path="ExcludeFromBuild.csproj" />
  <Project Path="Autohand.OculusIntegration.Editor.csproj" />
  <Project Path="UniTask.Addressables.csproj" />
  <Project Path="Autohand.XR.Editor.csproj" />
  <Project Path="Boxophobic.SkyboxCubemapExtended.Editor.csproj" />
  <Project Path="sc.utilities.screenshot.editor.csproj" />
  <Project Path="UniTask.DOTween.csproj" />
</Solution>
